// !$*UTF8*$!
{
	archiveVersion = 1;
	classes = {
	};
	objectVersion = 50;
	objects = {

/* Begin PBXBuildFile section */
		362723B72432CD7400376522 /* URLRequest+Extensions.swift in Sources */ = {isa = PBXBuildFile; fileRef = 362723B32432CD7400376522 /* URLRequest+Extensions.swift */; };
		362723B82432CD7400376522 /* UIImage+Extensions.swift in Sources */ = {isa = PBXBuildFile; fileRef = 362723B42432CD7400376522 /* UIImage+Extensions.swift */; };
		362723B92432CD7400376522 /* URLComponents+Extensions.swift in Sources */ = {isa = PBXBuildFile; fileRef = 362723B52432CD7400376522 /* URLComponents+Extensions.swift */; };
		362723BA2432CD7400376522 /* UIImageView+Extensions.swift in Sources */ = {isa = PBXBuildFile; fileRef = 362723B62432CD7400376522 /* UIImageView+Extensions.swift */; };
		362723C32432CF0C00376522 /* URLSessionProvider.swift in Sources */ = {isa = PBXBuildFile; fileRef = 362723C12432CF0C00376522 /* URLSessionProvider.swift */; };
		362723C42432CF0C00376522 /* NetworkResponse.swift in Sources */ = {isa = PBXBuildFile; fileRef = 362723C22432CF0C00376522 /* NetworkResponse.swift */; };
		362723C52432CF0C00376522 /* PhotosAPIService.swift in Sources */ = {isa = PBXBuildFile; fileRef = 362723C02432CF0C00376522 /* PhotosAPIService.swift */; };
		362723CB2432CF1F00376522 /* HTTPMethod.swift in Sources */ = {isa = PBXBuildFile; fileRef = 362723C82432CF1F00376522 /* HTTPMethod.swift */; };
		362723CC2432CF1F00376522 /* ParameterEncoding.swift in Sources */ = {isa = PBXBuildFile; fileRef = 362723C62432CF1E00376522 /* ParameterEncoding.swift */; };
		362723CD2432CF1F00376522 /* URLSessionProtocol.swift in Sources */ = {isa = PBXBuildFile; fileRef = 362723C92432CF1F00376522 /* URLSessionProtocol.swift */; };
		362723CE2432CF1F00376522 /* HTTPTask.swift in Sources */ = {isa = PBXBuildFile; fileRef = 362723C72432CF1F00376522 /* HTTPTask.swift */; };
		362723CF2432CF1F00376522 /* EndPointType.swift in Sources */ = {isa = PBXBuildFile; fileRef = 362723CA2432CF1F00376522 /* EndPointType.swift */; };
		362723D52432D8AB00376522 /* FeedAPI.swift in Sources */ = {isa = PBXBuildFile; fileRef = 362723D42432D8AB00376522 /* FeedAPI.swift */; };
		362723D72432FB5500376522 /* FeedHomePageViewController.swift in Sources */ = {isa = PBXBuildFile; fileRef = 362723D62432FB5500376522 /* FeedHomePageViewController.swift */; };
		362723D92432FBC200376522 /* FeedHomePageViewModel.swift in Sources */ = {isa = PBXBuildFile; fileRef = 362723D82432FBC200376522 /* FeedHomePageViewModel.swift */; };
		362723DB2432FD0100376522 /* DetailPageViewModel.swift in Sources */ = {isa = PBXBuildFile; fileRef = 362723DA2432FD0100376522 /* DetailPageViewModel.swift */; };
		362723DD2432FD1400376522 /* DetailPageViewController.swift in Sources */ = {isa = PBXBuildFile; fileRef = 362723DC2432FD1400376522 /* DetailPageViewController.swift */; };
		362723DF24339C0C00376522 /* Album.swift in Sources */ = {isa = PBXBuildFile; fileRef = 362723DE24339C0C00376522 /* Album.swift */; };
		362723E124339C7300376522 /* FeedResponse.swift in Sources */ = {isa = PBXBuildFile; fileRef = 362723E024339C7300376522 /* FeedResponse.swift */; };
		362723E32433B52100376522 /* Feed.swift in Sources */ = {isa = PBXBuildFile; fileRef = 362723E22433B52100376522 /* Feed.swift */; };
		362723E52433B60600376522 /* AlbumTableViewCell.swift in Sources */ = {isa = PBXBuildFile; fileRef = 362723E42433B60600376522 /* AlbumTableViewCell.swift */; };
		362723E824341B1800376522 /* Obvservable.swift in Sources */ = {isa = PBXBuildFile; fileRef = 362723E724341B1800376522 /* Obvservable.swift */; };
		362723EA2434FB3000376522 /* Genre.swift in Sources */ = {isa = PBXBuildFile; fileRef = 362723E92434FB3000376522 /* Genre.swift */; };
		3636A8B4243527FF00108035 /* URLSessionMock.swift in Sources */ = {isa = PBXBuildFile; fileRef = 3636A8B3243527FF00108035 /* URLSessionMock.swift */; };
		3636A8B72435285E00108035 /* getTop100Albums.json in Resources */ = {isa = PBXBuildFile; fileRef = 3636A8B62435285E00108035 /* getTop100Albums.json */; };
		3672EB2224297B9E00905E57 /* AppDelegate.swift in Sources */ = {isa = PBXBuildFile; fileRef = 3672EB2124297B9E00905E57 /* AppDelegate.swift */; };
		3672EB2424297B9E00905E57 /* SceneDelegate.swift in Sources */ = {isa = PBXBuildFile; fileRef = 3672EB2324297B9E00905E57 /* SceneDelegate.swift */; };
		3672EB2624297B9E00905E57 /* ViewController.swift in Sources */ = {isa = PBXBuildFile; fileRef = 3672EB2524297B9E00905E57 /* ViewController.swift */; };
		3672EB2B24297BA400905E57 /* Assets.xcassets in Resources */ = {isa = PBXBuildFile; fileRef = 3672EB2A24297BA400905E57 /* Assets.xcassets */; };
		3672EB2E24297BA400905E57 /* LaunchScreen.storyboard in Resources */ = {isa = PBXBuildFile; fileRef = 3672EB2C24297BA400905E57 /* LaunchScreen.storyboard */; };
		3672EB3924297BA500905E57 /* NikeCodingChallengeTests.swift in Sources */ = {isa = PBXBuildFile; fileRef = 3672EB3824297BA500905E57 /* NikeCodingChallengeTests.swift */; };
		3672EB4424297BA500905E57 /* NikeCodingChallengeUITests.swift in Sources */ = {isa = PBXBuildFile; fileRef = 3672EB4324297BA500905E57 /* NikeCodingChallengeUITests.swift */; };
/* End PBXBuildFile section */

/* Begin PBXContainerItemProxy section */
		3672EB3524297BA500905E57 /* PBXContainerItemProxy */ = {
			isa = PBXContainerItemProxy;
			containerPortal = 3672EB1624297B9E00905E57 /* Project object */;
			proxyType = 1;
			remoteGlobalIDString = 3672EB1D24297B9E00905E57;
			remoteInfo = NikeCodingChallenge;
		};
		3672EB4024297BA500905E57 /* PBXContainerItemProxy */ = {
			isa = PBXContainerItemProxy;
			containerPortal = 3672EB1624297B9E00905E57 /* Project object */;
			proxyType = 1;
			remoteGlobalIDString = 3672EB1D24297B9E00905E57;
			remoteInfo = NikeCodingChallenge;
		};
/* End PBXContainerItemProxy section */

/* Begin PBXFileReference section */
		362723B32432CD7400376522 /* URLRequest+Extensions.swift */ = {isa = PBXFileReference; fileEncoding = 4; lastKnownFileType = sourcecode.swift; path = "URLRequest+Extensions.swift"; sourceTree = "<group>"; };
		362723B42432CD7400376522 /* UIImage+Extensions.swift */ = {isa = PBXFileReference; fileEncoding = 4; lastKnownFileType = sourcecode.swift; path = "UIImage+Extensions.swift"; sourceTree = "<group>"; };
		362723B52432CD7400376522 /* URLComponents+Extensions.swift */ = {isa = PBXFileReference; fileEncoding = 4; lastKnownFileType = sourcecode.swift; path = "URLComponents+Extensions.swift"; sourceTree = "<group>"; };
		362723B62432CD7400376522 /* UIImageView+Extensions.swift */ = {isa = PBXFileReference; fileEncoding = 4; lastKnownFileType = sourcecode.swift; path = "UIImageView+Extensions.swift"; sourceTree = "<group>"; xcLanguageSpecificationIdentifier = xcode.lang.swift; };
		362723C02432CF0C00376522 /* PhotosAPIService.swift */ = {isa = PBXFileReference; lastKnownFileType = sourcecode.swift; path = PhotosAPIService.swift; sourceTree = "<group>"; };
		362723C12432CF0C00376522 /* URLSessionProvider.swift */ = {isa = PBXFileReference; lastKnownFileType = sourcecode.swift; path = URLSessionProvider.swift; sourceTree = "<group>"; };
		362723C22432CF0C00376522 /* NetworkResponse.swift */ = {isa = PBXFileReference; lastKnownFileType = sourcecode.swift; path = NetworkResponse.swift; sourceTree = "<group>"; };
		362723C62432CF1E00376522 /* ParameterEncoding.swift */ = {isa = PBXFileReference; lastKnownFileType = sourcecode.swift; path = ParameterEncoding.swift; sourceTree = "<group>"; };
		362723C72432CF1F00376522 /* HTTPTask.swift */ = {isa = PBXFileReference; lastKnownFileType = sourcecode.swift; path = HTTPTask.swift; sourceTree = "<group>"; };
		362723C82432CF1F00376522 /* HTTPMethod.swift */ = {isa = PBXFileReference; lastKnownFileType = sourcecode.swift; path = HTTPMethod.swift; sourceTree = "<group>"; };
		362723C92432CF1F00376522 /* URLSessionProtocol.swift */ = {isa = PBXFileReference; lastKnownFileType = sourcecode.swift; path = URLSessionProtocol.swift; sourceTree = "<group>"; };
		362723CA2432CF1F00376522 /* EndPointType.swift */ = {isa = PBXFileReference; lastKnownFileType = sourcecode.swift; path = EndPointType.swift; sourceTree = "<group>"; };
		362723D42432D8AB00376522 /* FeedAPI.swift */ = {isa = PBXFileReference; lastKnownFileType = sourcecode.swift; path = FeedAPI.swift; sourceTree = "<group>"; };
		362723D62432FB5500376522 /* FeedHomePageViewController.swift */ = {isa = PBXFileReference; lastKnownFileType = sourcecode.swift; path = FeedHomePageViewController.swift; sourceTree = "<group>"; };
		362723D82432FBC200376522 /* FeedHomePageViewModel.swift */ = {isa = PBXFileReference; lastKnownFileType = sourcecode.swift; path = FeedHomePageViewModel.swift; sourceTree = "<group>"; };
		362723DA2432FD0100376522 /* DetailPageViewModel.swift */ = {isa = PBXFileReference; lastKnownFileType = sourcecode.swift; path = DetailPageViewModel.swift; sourceTree = "<group>"; };
		362723DC2432FD1400376522 /* DetailPageViewController.swift */ = {isa = PBXFileReference; lastKnownFileType = sourcecode.swift; path = DetailPageViewController.swift; sourceTree = "<group>"; };
		362723DE24339C0C00376522 /* Album.swift */ = {isa = PBXFileReference; lastKnownFileType = sourcecode.swift; path = Album.swift; sourceTree = "<group>"; };
		362723E024339C7300376522 /* FeedResponse.swift */ = {isa = PBXFileReference; lastKnownFileType = sourcecode.swift; path = FeedResponse.swift; sourceTree = "<group>"; };
		362723E22433B52100376522 /* Feed.swift */ = {isa = PBXFileReference; lastKnownFileType = sourcecode.swift; path = Feed.swift; sourceTree = "<group>"; };
		362723E42433B60600376522 /* AlbumTableViewCell.swift */ = {isa = PBXFileReference; lastKnownFileType = sourcecode.swift; path = AlbumTableViewCell.swift; sourceTree = "<group>"; };
		362723E724341B1800376522 /* Obvservable.swift */ = {isa = PBXFileReference; lastKnownFileType = sourcecode.swift; path = Obvservable.swift; sourceTree = "<group>"; };
		362723E92434FB3000376522 /* Genre.swift */ = {isa = PBXFileReference; lastKnownFileType = sourcecode.swift; path = Genre.swift; sourceTree = "<group>"; };
		3636A8B3243527FF00108035 /* URLSessionMock.swift */ = {isa = PBXFileReference; lastKnownFileType = sourcecode.swift; path = URLSessionMock.swift; sourceTree = "<group>"; };
		3636A8B62435285E00108035 /* getTop100Albums.json */ = {isa = PBXFileReference; lastKnownFileType = text.json; path = getTop100Albums.json; sourceTree = "<group>"; };
		3672EB1E24297B9E00905E57 /* NikeCodingChallenge.app */ = {isa = PBXFileReference; explicitFileType = wrapper.application; includeInIndex = 0; path = NikeCodingChallenge.app; sourceTree = BUILT_PRODUCTS_DIR; };
		3672EB2124297B9E00905E57 /* AppDelegate.swift */ = {isa = PBXFileReference; lastKnownFileType = sourcecode.swift; path = AppDelegate.swift; sourceTree = "<group>"; };
		3672EB2324297B9E00905E57 /* SceneDelegate.swift */ = {isa = PBXFileReference; lastKnownFileType = sourcecode.swift; path = SceneDelegate.swift; sourceTree = "<group>"; };
		3672EB2524297B9E00905E57 /* ViewController.swift */ = {isa = PBXFileReference; lastKnownFileType = sourcecode.swift; path = ViewController.swift; sourceTree = "<group>"; };
		3672EB2A24297BA400905E57 /* Assets.xcassets */ = {isa = PBXFileReference; lastKnownFileType = folder.assetcatalog; path = Assets.xcassets; sourceTree = "<group>"; };
		3672EB2D24297BA400905E57 /* Base */ = {isa = PBXFileReference; lastKnownFileType = file.storyboard; name = Base; path = Base.lproj/LaunchScreen.storyboard; sourceTree = "<group>"; };
		3672EB2F24297BA400905E57 /* Info.plist */ = {isa = PBXFileReference; lastKnownFileType = text.plist.xml; path = Info.plist; sourceTree = "<group>"; };
		3672EB3424297BA500905E57 /* NikeCodingChallengeTests.xctest */ = {isa = PBXFileReference; explicitFileType = wrapper.cfbundle; includeInIndex = 0; path = NikeCodingChallengeTests.xctest; sourceTree = BUILT_PRODUCTS_DIR; };
		3672EB3824297BA500905E57 /* NikeCodingChallengeTests.swift */ = {isa = PBXFileReference; lastKnownFileType = sourcecode.swift; path = NikeCodingChallengeTests.swift; sourceTree = "<group>"; };
		3672EB3A24297BA500905E57 /* Info.plist */ = {isa = PBXFileReference; lastKnownFileType = text.plist.xml; path = Info.plist; sourceTree = "<group>"; };
		3672EB3F24297BA500905E57 /* NikeCodingChallengeUITests.xctest */ = {isa = PBXFileReference; explicitFileType = wrapper.cfbundle; includeInIndex = 0; path = NikeCodingChallengeUITests.xctest; sourceTree = BUILT_PRODUCTS_DIR; };
		3672EB4324297BA500905E57 /* NikeCodingChallengeUITests.swift */ = {isa = PBXFileReference; lastKnownFileType = sourcecode.swift; path = NikeCodingChallengeUITests.swift; sourceTree = "<group>"; };
		3672EB4524297BA500905E57 /* Info.plist */ = {isa = PBXFileReference; lastKnownFileType = text.plist.xml; path = Info.plist; sourceTree = "<group>"; };
/* End PBXFileReference section */

/* Begin PBXFrameworksBuildPhase section */
		3672EB1B24297B9E00905E57 /* Frameworks */ = {
			isa = PBXFrameworksBuildPhase;
			buildActionMask = 2147483647;
			files = (
			);
			runOnlyForDeploymentPostprocessing = 0;
		};
		3672EB3124297BA500905E57 /* Frameworks */ = {
			isa = PBXFrameworksBuildPhase;
			buildActionMask = 2147483647;
			files = (
			);
			runOnlyForDeploymentPostprocessing = 0;
		};
		3672EB3C24297BA500905E57 /* Frameworks */ = {
			isa = PBXFrameworksBuildPhase;
			buildActionMask = 2147483647;
			files = (
			);
			runOnlyForDeploymentPostprocessing = 0;
		};
/* End PBXFrameworksBuildPhase section */

/* Begin PBXGroup section */
		362723592432739000376522 /* Network */ = {
			isa = PBXGroup;
			children = (
				362723D02432CF2900376522 /* Manager */,
				362723D12432CF8E00376522 /* Service */,
			);
			path = Network;
			sourceTree = "<group>";
		};
		3627235A2432739C00376522 /* Extensions */ = {
			isa = PBXGroup;
			children = (
				362723B42432CD7400376522 /* UIImage+Extensions.swift */,
				362723B62432CD7400376522 /* UIImageView+Extensions.swift */,
				362723B52432CD7400376522 /* URLComponents+Extensions.swift */,
				362723B32432CD7400376522 /* URLRequest+Extensions.swift */,
			);
			path = Extensions;
			sourceTree = "<group>";
		};
		362723D02432CF2900376522 /* Manager */ = {
			isa = PBXGroup;
			children = (
				362723C12432CF0C00376522 /* URLSessionProvider.swift */,
				362723C22432CF0C00376522 /* NetworkResponse.swift */,
				362723C02432CF0C00376522 /* PhotosAPIService.swift */,
				362723D42432D8AB00376522 /* FeedAPI.swift */,
			);
			path = Manager;
			sourceTree = "<group>";
		};
		362723D12432CF8E00376522 /* Service */ = {
			isa = PBXGroup;
			children = (
				362723CA2432CF1F00376522 /* EndPointType.swift */,
				362723C82432CF1F00376522 /* HTTPMethod.swift */,
				362723C72432CF1F00376522 /* HTTPTask.swift */,
				362723C62432CF1E00376522 /* ParameterEncoding.swift */,
				362723C92432CF1F00376522 /* URLSessionProtocol.swift */,
			);
			path = Service;
			sourceTree = "<group>";
		};
		362723D22432D11500376522 /* HomePage */ = {
			isa = PBXGroup;
			children = (
				362723EB2434FB8300376522 /* Models */,
				362723D62432FB5500376522 /* FeedHomePageViewController.swift */,
				362723E42433B60600376522 /* AlbumTableViewCell.swift */,
				362723D82432FBC200376522 /* FeedHomePageViewModel.swift */,
			);
			path = HomePage;
			sourceTree = "<group>";
		};
		362723D32432D12000376522 /* DetailPage */ = {
			isa = PBXGroup;
			children = (
				362723DC2432FD1400376522 /* DetailPageViewController.swift */,
				362723DA2432FD0100376522 /* DetailPageViewModel.swift */,
			);
			path = DetailPage;
			sourceTree = "<group>";
		};
		362723E624341AE700376522 /* Observable */ = {
			isa = PBXGroup;
			children = (
				362723E724341B1800376522 /* Obvservable.swift */,
			);
			path = Observable;
			sourceTree = "<group>";
		};
		362723EB2434FB8300376522 /* Models */ = {
			isa = PBXGroup;
			children = (
				362723E024339C7300376522 /* FeedResponse.swift */,
				362723E22433B52100376522 /* Feed.swift */,
				362723DE24339C0C00376522 /* Album.swift */,
				362723E92434FB3000376522 /* Genre.swift */,
			);
			path = Models;
			sourceTree = "<group>";
		};
		3636A8B2243527D800108035 /* MockedClasses */ = {
			isa = PBXGroup;
			children = (
				3636A8B3243527FF00108035 /* URLSessionMock.swift */,
			);
			path = MockedClasses;
			sourceTree = "<group>";
		};
		3636A8B52435282000108035 /* StubbedResponses */ = {
			isa = PBXGroup;
			children = (
				3636A8B62435285E00108035 /* getTop100Albums.json */,
			);
			path = StubbedResponses;
			sourceTree = "<group>";
		};
		3672EB1524297B9E00905E57 = {
			isa = PBXGroup;
			children = (
				3672EB2024297B9E00905E57 /* NikeCodingChallenge */,
				3672EB3724297BA500905E57 /* NikeCodingChallengeTests */,
				3672EB4224297BA500905E57 /* NikeCodingChallengeUITests */,
				3672EB1F24297B9E00905E57 /* Products */,
			);
			sourceTree = "<group>";
		};
		3672EB1F24297B9E00905E57 /* Products */ = {
			isa = PBXGroup;
			children = (
				3672EB1E24297B9E00905E57 /* NikeCodingChallenge.app */,
				3672EB3424297BA500905E57 /* NikeCodingChallengeTests.xctest */,
				3672EB3F24297BA500905E57 /* NikeCodingChallengeUITests.xctest */,
			);
			name = Products;
			sourceTree = "<group>";
		};
		3672EB2024297B9E00905E57 /* NikeCodingChallenge */ = {
			isa = PBXGroup;
			children = (
				362723E624341AE700376522 /* Observable */,
				3627235A2432739C00376522 /* Extensions */,
				362723592432739000376522 /* Network */,
				362723D22432D11500376522 /* HomePage */,
				362723D32432D12000376522 /* DetailPage */,
				3672EB2124297B9E00905E57 /* AppDelegate.swift */,
				3672EB2324297B9E00905E57 /* SceneDelegate.swift */,
				3672EB2524297B9E00905E57 /* ViewController.swift */,
				3672EB2A24297BA400905E57 /* Assets.xcassets */,
				3672EB2C24297BA400905E57 /* LaunchScreen.storyboard */,
				3672EB2F24297BA400905E57 /* Info.plist */,
			);
			path = NikeCodingChallenge;
			sourceTree = "<group>";
		};
		3672EB3724297BA500905E57 /* NikeCodingChallengeTests */ = {
			isa = PBXGroup;
			children = (
				3636A8B52435282000108035 /* StubbedResponses */,
				3636A8B2243527D800108035 /* MockedClasses */,
				3672EB3824297BA500905E57 /* NikeCodingChallengeTests.swift */,
				3672EB3A24297BA500905E57 /* Info.plist */,
			);
			path = NikeCodingChallengeTests;
			sourceTree = "<group>";
		};
		3672EB4224297BA500905E57 /* NikeCodingChallengeUITests */ = {
			isa = PBXGroup;
			children = (
				3672EB4324297BA500905E57 /* NikeCodingChallengeUITests.swift */,
				3672EB4524297BA500905E57 /* Info.plist */,
			);
			path = NikeCodingChallengeUITests;
			sourceTree = "<group>";
		};
/* End PBXGroup section */

/* Begin PBXNativeTarget section */
		3672EB1D24297B9E00905E57 /* NikeCodingChallenge */ = {
			isa = PBXNativeTarget;
			buildConfigurationList = 3672EB4824297BA500905E57 /* Build configuration list for PBXNativeTarget "NikeCodingChallenge" */;
			buildPhases = (
				3672EB1A24297B9E00905E57 /* Sources */,
				3672EB1B24297B9E00905E57 /* Frameworks */,
				3672EB1C24297B9E00905E57 /* Resources */,
			);
			buildRules = (
			);
			dependencies = (
			);
			name = NikeCodingChallenge;
			productName = NikeCodingChallenge;
			productReference = 3672EB1E24297B9E00905E57 /* NikeCodingChallenge.app */;
			productType = "com.apple.product-type.application";
		};
		3672EB3324297BA500905E57 /* NikeCodingChallengeTests */ = {
			isa = PBXNativeTarget;
			buildConfigurationList = 3672EB4B24297BA500905E57 /* Build configuration list for PBXNativeTarget "NikeCodingChallengeTests" */;
			buildPhases = (
				3672EB3024297BA500905E57 /* Sources */,
				3672EB3124297BA500905E57 /* Frameworks */,
				3672EB3224297BA500905E57 /* Resources */,
			);
			buildRules = (
			);
			dependencies = (
				3672EB3624297BA500905E57 /* PBXTargetDependency */,
			);
			name = NikeCodingChallengeTests;
			productName = NikeCodingChallengeTests;
			productReference = 3672EB3424297BA500905E57 /* NikeCodingChallengeTests.xctest */;
			productType = "com.apple.product-type.bundle.unit-test";
		};
		3672EB3E24297BA500905E57 /* NikeCodingChallengeUITests */ = {
			isa = PBXNativeTarget;
			buildConfigurationList = 3672EB4E24297BA500905E57 /* Build configuration list for PBXNativeTarget "NikeCodingChallengeUITests" */;
			buildPhases = (
				3672EB3B24297BA500905E57 /* Sources */,
				3672EB3C24297BA500905E57 /* Frameworks */,
				3672EB3D24297BA500905E57 /* Resources */,
			);
			buildRules = (
			);
			dependencies = (
				3672EB4124297BA500905E57 /* PBXTargetDependency */,
			);
			name = NikeCodingChallengeUITests;
			productName = NikeCodingChallengeUITests;
			productReference = 3672EB3F24297BA500905E57 /* NikeCodingChallengeUITests.xctest */;
			productType = "com.apple.product-type.bundle.ui-testing";
		};
/* End PBXNativeTarget section */

/* Begin PBXProject section */
		3672EB1624297B9E00905E57 /* Project object */ = {
			isa = PBXProject;
			attributes = {
				LastSwiftUpdateCheck = 1110;
				LastUpgradeCheck = 1110;
				ORGANIZATIONNAME = "Susan Salas";
				TargetAttributes = {
					3672EB1D24297B9E00905E57 = {
						CreatedOnToolsVersion = 11.1;
					};
					3672EB3324297BA500905E57 = {
						CreatedOnToolsVersion = 11.1;
						TestTargetID = 3672EB1D24297B9E00905E57;
					};
					3672EB3E24297BA500905E57 = {
						CreatedOnToolsVersion = 11.1;
						TestTargetID = 3672EB1D24297B9E00905E57;
					};
				};
			};
			buildConfigurationList = 3672EB1924297B9E00905E57 /* Build configuration list for PBXProject "NikeCodingChallenge" */;
			compatibilityVersion = "Xcode 9.3";
			developmentRegion = en;
			hasScannedForEncodings = 0;
			knownRegions = (
				en,
				Base,
			);
			mainGroup = 3672EB1524297B9E00905E57;
			productRefGroup = 3672EB1F24297B9E00905E57 /* Products */;
			projectDirPath = "";
			projectRoot = "";
			targets = (
				3672EB1D24297B9E00905E57 /* NikeCodingChallenge */,
				3672EB3324297BA500905E57 /* NikeCodingChallengeTests */,
				3672EB3E24297BA500905E57 /* NikeCodingChallengeUITests */,
			);
		};
/* End PBXProject section */

/* Begin PBXResourcesBuildPhase section */
		3672EB1C24297B9E00905E57 /* Resources */ = {
			isa = PBXResourcesBuildPhase;
			buildActionMask = 2147483647;
			files = (
				3672EB2E24297BA400905E57 /* LaunchScreen.storyboard in Resources */,
				3672EB2B24297BA400905E57 /* Assets.xcassets in Resources */,
			);
			runOnlyForDeploymentPostprocessing = 0;
		};
		3672EB3224297BA500905E57 /* Resources */ = {
			isa = PBXResourcesBuildPhase;
			buildActionMask = 2147483647;
			files = (
				3636A8B72435285E00108035 /* getTop100Albums.json in Resources */,
			);
			runOnlyForDeploymentPostprocessing = 0;
		};
		3672EB3D24297BA500905E57 /* Resources */ = {
			isa = PBXResourcesBuildPhase;
			buildActionMask = 2147483647;
			files = (
			);
			runOnlyForDeploymentPostprocessing = 0;
		};
/* End PBXResourcesBuildPhase section */

/* Begin PBXSourcesBuildPhase section */
		3672EB1A24297B9E00905E57 /* Sources */ = {
			isa = PBXSourcesBuildPhase;
			buildActionMask = 2147483647;
			files = (
				362723DD2432FD1400376522 /* DetailPageViewController.swift in Sources */,
				362723CE2432CF1F00376522 /* HTTPTask.swift in Sources */,
				3672EB2624297B9E00905E57 /* ViewController.swift in Sources */,
				362723D72432FB5500376522 /* FeedHomePageViewController.swift in Sources */,
				362723C52432CF0C00376522 /* PhotosAPIService.swift in Sources */,
				362723DF24339C0C00376522 /* Album.swift in Sources */,
				362723DB2432FD0100376522 /* DetailPageViewModel.swift in Sources */,
				3672EB2224297B9E00905E57 /* AppDelegate.swift in Sources */,
				362723CB2432CF1F00376522 /* HTTPMethod.swift in Sources */,
				362723EA2434FB3000376522 /* Genre.swift in Sources */,
				362723B82432CD7400376522 /* UIImage+Extensions.swift in Sources */,
				362723D52432D8AB00376522 /* FeedAPI.swift in Sources */,
				362723B92432CD7400376522 /* URLComponents+Extensions.swift in Sources */,
				362723CC2432CF1F00376522 /* ParameterEncoding.swift in Sources */,
				362723CF2432CF1F00376522 /* EndPointType.swift in Sources */,
				362723B72432CD7400376522 /* URLRequest+Extensions.swift in Sources */,
				362723CD2432CF1F00376522 /* URLSessionProtocol.swift in Sources */,
				362723C42432CF0C00376522 /* NetworkResponse.swift in Sources */,
				362723C32432CF0C00376522 /* URLSessionProvider.swift in Sources */,
				362723E124339C7300376522 /* FeedResponse.swift in Sources */,
				3672EB2424297B9E00905E57 /* SceneDelegate.swift in Sources */,
				362723E32433B52100376522 /* Feed.swift in Sources */,
				362723D92432FBC200376522 /* FeedHomePageViewModel.swift in Sources */,
				362723E824341B1800376522 /* Obvservable.swift in Sources */,
				362723BA2432CD7400376522 /* UIImageView+Extensions.swift in Sources */,
				362723E52433B60600376522 /* AlbumTableViewCell.swift in Sources */,
			);
			runOnlyForDeploymentPostprocessing = 0;
		};
		3672EB3024297BA500905E57 /* Sources */ = {
			isa = PBXSourcesBuildPhase;
			buildActionMask = 2147483647;
			files = (
				3636A8B4243527FF00108035 /* URLSessionMock.swift in Sources */,
				3672EB3924297BA500905E57 /* NikeCodingChallengeTests.swift in Sources */,
			);
			runOnlyForDeploymentPostprocessing = 0;
		};
		3672EB3B24297BA500905E57 /* Sources */ = {
			isa = PBXSourcesBuildPhase;
			buildActionMask = 2147483647;
			files = (
				3672EB4424297BA500905E57 /* NikeCodingChallengeUITests.swift in Sources */,
			);
			runOnlyForDeploymentPostprocessing = 0;
		};
/* End PBXSourcesBuildPhase section */

/* Begin PBXTargetDependency section */
		3672EB3624297BA500905E57 /* PBXTargetDependency */ = {
			isa = PBXTargetDependency;
			target = 3672EB1D24297B9E00905E57 /* NikeCodingChallenge */;
			targetProxy = 3672EB3524297BA500905E57 /* PBXContainerItemProxy */;
		};
		3672EB4124297BA500905E57 /* PBXTargetDependency */ = {
			isa = PBXTargetDependency;
			target = 3672EB1D24297B9E00905E57 /* NikeCodingChallenge */;
			targetProxy = 3672EB4024297BA500905E57 /* PBXContainerItemProxy */;
		};
/* End PBXTargetDependency section */

/* Begin PBXVariantGroup section */
		3672EB2C24297BA400905E57 /* LaunchScreen.storyboard */ = {
			isa = PBXVariantGroup;
			children = (
				3672EB2D24297BA400905E57 /* Base */,
			);
			name = LaunchScreen.storyboard;
			sourceTree = "<group>";
		};
/* End PBXVariantGroup section */

/* Begin XCBuildConfiguration section */
		3672EB4624297BA500905E57 /* Debug */ = {
			isa = XCBuildConfiguration;
			buildSettings = {
				ALWAYS_SEARCH_USER_PATHS = NO;
				CLANG_ANALYZER_NONNULL = YES;
				CLANG_ANALYZER_NUMBER_OBJECT_CONVERSION = YES_AGGRESSIVE;
				CLANG_CXX_LANGUAGE_STANDARD = "gnu++14";
				CLANG_CXX_LIBRARY = "libc++";
				CLANG_ENABLE_MODULES = YES;
				CLANG_ENABLE_OBJC_ARC = YES;
				CLANG_ENABLE_OBJC_WEAK = YES;
				CLANG_WARN_BLOCK_CAPTURE_AUTORELEASING = YES;
				CLANG_WARN_BOOL_CONVERSION = YES;
				CLANG_WARN_COMMA = YES;
				CLANG_WARN_CONSTANT_CONVERSION = YES;
				CLANG_WARN_DEPRECATED_OBJC_IMPLEMENTATIONS = YES;
				CLANG_WARN_DIRECT_OBJC_ISA_USAGE = YES_ERROR;
				CLANG_WARN_DOCUMENTATION_COMMENTS = YES;
				CLANG_WARN_EMPTY_BODY = YES;
				CLANG_WARN_ENUM_CONVERSION = YES;
				CLANG_WARN_INFINITE_RECURSION = YES;
				CLANG_WARN_INT_CONVERSION = YES;
				CLANG_WARN_NON_LITERAL_NULL_CONVERSION = YES;
				CLANG_WARN_OBJC_IMPLICIT_RETAIN_SELF = YES;
				CLANG_WARN_OBJC_LITERAL_CONVERSION = YES;
				CLANG_WARN_OBJC_ROOT_CLASS = YES_ERROR;
				CLANG_WARN_RANGE_LOOP_ANALYSIS = YES;
				CLANG_WARN_STRICT_PROTOTYPES = YES;
				CLANG_WARN_SUSPICIOUS_MOVE = YES;
				CLANG_WARN_UNGUARDED_AVAILABILITY = YES_AGGRESSIVE;
				CLANG_WARN_UNREACHABLE_CODE = YES;
				CLANG_WARN__DUPLICATE_METHOD_MATCH = YES;
				COPY_PHASE_STRIP = NO;
				DEBUG_INFORMATION_FORMAT = dwarf;
				ENABLE_STRICT_OBJC_MSGSEND = YES;
				ENABLE_TESTABILITY = YES;
				GCC_C_LANGUAGE_STANDARD = gnu11;
				GCC_DYNAMIC_NO_PIC = NO;
				GCC_NO_COMMON_BLOCKS = YES;
				GCC_OPTIMIZATION_LEVEL = 0;
				GCC_PREPROCESSOR_DEFINITIONS = (
					"DEBUG=1",
					"$(inherited)",
				);
				GCC_WARN_64_TO_32_BIT_CONVERSION = YES;
				GCC_WARN_ABOUT_RETURN_TYPE = YES_ERROR;
				GCC_WARN_UNDECLARED_SELECTOR = YES;
				GCC_WARN_UNINITIALIZED_AUTOS = YES_AGGRESSIVE;
				GCC_WARN_UNUSED_FUNCTION = YES;
				GCC_WARN_UNUSED_VARIABLE = YES;
				IPHONEOS_DEPLOYMENT_TARGET = 13.1;
				MTL_ENABLE_DEBUG_INFO = INCLUDE_SOURCE;
				MTL_FAST_MATH = YES;
				ONLY_ACTIVE_ARCH = YES;
				SDKROOT = iphoneos;
				SWIFT_ACTIVE_COMPILATION_CONDITIONS = DEBUG;
				SWIFT_OPTIMIZATION_LEVEL = "-Onone";
			};
			name = Debug;
		};
		3672EB4724297BA500905E57 /* Release */ = {
			isa = XCBuildConfiguration;
			buildSettings = {
				ALWAYS_SEARCH_USER_PATHS = NO;
				CLANG_ANALYZER_NONNULL = YES;
				CLANG_ANALYZER_NUMBER_OBJECT_CONVERSION = YES_AGGRESSIVE;
				CLANG_CXX_LANGUAGE_STANDARD = "gnu++14";
				CLANG_CXX_LIBRARY = "libc++";
				CLANG_ENABLE_MODULES = YES;
				CLANG_ENABLE_OBJC_ARC = YES;
				CLANG_ENABLE_OBJC_WEAK = YES;
				CLANG_WARN_BLOCK_CAPTURE_AUTORELEASING = YES;
				CLANG_WARN_BOOL_CONVERSION = YES;
				CLANG_WARN_COMMA = YES;
				CLANG_WARN_CONSTANT_CONVERSION = YES;
				CLANG_WARN_DEPRECATED_OBJC_IMPLEMENTATIONS = YES;
				CLANG_WARN_DIRECT_OBJC_ISA_USAGE = YES_ERROR;
				CLANG_WARN_DOCUMENTATION_COMMENTS = YES;
				CLANG_WARN_EMPTY_BODY = YES;
				CLANG_WARN_ENUM_CONVERSION = YES;
				CLANG_WARN_INFINITE_RECURSION = YES;
				CLANG_WARN_INT_CONVERSION = YES;
				CLANG_WARN_NON_LITERAL_NULL_CONVERSION = YES;
				CLANG_WARN_OBJC_IMPLICIT_RETAIN_SELF = YES;
				CLANG_WARN_OBJC_LITERAL_CONVERSION = YES;
				CLANG_WARN_OBJC_ROOT_CLASS = YES_ERROR;
				CLANG_WARN_RANGE_LOOP_ANALYSIS = YES;
				CLANG_WARN_STRICT_PROTOTYPES = YES;
				CLANG_WARN_SUSPICIOUS_MOVE = YES;
				CLANG_WARN_UNGUARDED_AVAILABILITY = YES_AGGRESSIVE;
				CLANG_WARN_UNREACHABLE_CODE = YES;
				CLANG_WARN__DUPLICATE_METHOD_MATCH = YES;
				COPY_PHASE_STRIP = NO;
				DEBUG_INFORMATION_FORMAT = "dwarf-with-dsym";
				ENABLE_NS_ASSERTIONS = NO;
				ENABLE_STRICT_OBJC_MSGSEND = YES;
				GCC_C_LANGUAGE_STANDARD = gnu11;
				GCC_NO_COMMON_BLOCKS = YES;
				GCC_WARN_64_TO_32_BIT_CONVERSION = YES;
				GCC_WARN_ABOUT_RETURN_TYPE = YES_ERROR;
				GCC_WARN_UNDECLARED_SELECTOR = YES;
				GCC_WARN_UNINITIALIZED_AUTOS = YES_AGGRESSIVE;
				GCC_WARN_UNUSED_FUNCTION = YES;
				GCC_WARN_UNUSED_VARIABLE = YES;
				IPHONEOS_DEPLOYMENT_TARGET = 13.1;
				MTL_ENABLE_DEBUG_INFO = NO;
				MTL_FAST_MATH = YES;
				SDKROOT = iphoneos;
				SWIFT_COMPILATION_MODE = wholemodule;
				SWIFT_OPTIMIZATION_LEVEL = "-O";
				VALIDATE_PRODUCT = YES;
			};
			name = Release;
		};
		3672EB4924297BA500905E57 /* Debug */ = {
			isa = XCBuildConfiguration;
			buildSettings = {
				ASSETCATALOG_COMPILER_APPICON_NAME = AppIcon;
				CODE_SIGN_STYLE = Automatic;
				DEVELOPMENT_TEAM = VJM86CJSEK;
				INFOPLIST_FILE = NikeCodingChallenge/Info.plist;
				LD_RUNPATH_SEARCH_PATHS = (
					"$(inherited)",
					"@executable_path/Frameworks",
				);
				PRODUCT_BUNDLE_IDENTIFIER = com.SusanSalas.NikeCodingChallenge;
				PRODUCT_NAME = "$(TARGET_NAME)";
				SWIFT_VERSION = 5.0;
				TARGETED_DEVICE_FAMILY = "1,2";
			};
			name = Debug;
		};
		3672EB4A24297BA500905E57 /* Release */ = {
			isa = XCBuildConfiguration;
			buildSettings = {
				ASSETCATALOG_COMPILER_APPICON_NAME = AppIcon;
				CODE_SIGN_STYLE = Automatic;
				DEVELOPMENT_TEAM = VJM86CJSEK;
				INFOPLIST_FILE = NikeCodingChallenge/Info.plist;
				LD_RUNPATH_SEARCH_PATHS = (
					"$(inherited)",
					"@executable_path/Frameworks",
				);
				PRODUCT_BUNDLE_IDENTIFIER = com.SusanSalas.NikeCodingChallenge;
				PRODUCT_NAME = "$(TARGET_NAME)";
				SWIFT_VERSION = 5.0;
				TARGETED_DEVICE_FAMILY = "1,2";
			};
			name = Release;
		};
		3672EB4C24297BA500905E57 /* Debug */ = {
			isa = XCBuildConfiguration;
			buildSettings = {
				ALWAYS_EMBED_SWIFT_STANDARD_LIBRARIES = YES;
				BUNDLE_LOADER = "$(TEST_HOST)";
				CODE_SIGN_STYLE = Automatic;
				DEVELOPMENT_TEAM = VJM86CJSEK;
				INFOPLIST_FILE = NikeCodingChallengeTests/Info.plist;
				IPHONEOS_DEPLOYMENT_TARGET = 13.1;
				LD_RUNPATH_SEARCH_PATHS = (
					"$(inherited)",
					"@executable_path/Frameworks",
					"@loader_path/Frameworks",
				);
				PRODUCT_BUNDLE_IDENTIFIER = com.SusanSalas.NikeCodingChallengeTests;
				PRODUCT_NAME = "$(TARGET_NAME)";
				SWIFT_VERSION = 5.0;
				TARGETED_DEVICE_FAMILY = "1,2";
				TEST_HOST = "$(BUILT_PRODUCTS_DIR)/NikeCodingChallenge.app/NikeCodingChallenge";
			};
			name = Debug;
		};
		3672EB4D24297BA500905E57 /* Release */ = {
			isa = XCBuildConfiguration;
			buildSettings = {
				ALWAYS_EMBED_SWIFT_STANDARD_LIBRARIES = YES;
				BUNDLE_LOADER = "$(TEST_HOST)";
				CODE_SIGN_STYLE = Automatic;
				DEVELOPMENT_TEAM = VJM86CJSEK;
				INFOPLIST_FILE = NikeCodingChallengeTests/Info.plist;
				IPHONEOS_DEPLOYMENT_TARGET = 13.1;
				LD_RUNPATH_SEARCH_PATHS = (
					"$(inherited)",
					"@executable_path/Frameworks",
					"@loader_path/Frameworks",
				);
				PRODUCT_BUNDLE_IDENTIFIER = com.SusanSalas.NikeCodingChallengeTests;
				PRODUCT_NAME = "$(TARGET_NAME)";
				SWIFT_VERSION = 5.0;
				TARGETED_DEVICE_FAMILY = "1,2";
				TEST_HOST = "$(BUILT_PRODUCTS_DIR)/NikeCodingChallenge.app/NikeCodingChallenge";
			};
			name = Release;
		};
		3672EB4F24297BA500905E57 /* Debug */ = {
			isa = XCBuildConfiguration;
			buildSettings = {
				ALWAYS_EMBED_SWIFT_STANDARD_LIBRARIES = YES;
				CODE_SIGN_STYLE = Automatic;
				DEVELOPMENT_TEAM = VJM86CJSEK;
				INFOPLIST_FILE = NikeCodingChallengeUITests/Info.plist;
				LD_RUNPATH_SEARCH_PATHS = (
					"$(inherited)",
					"@executable_path/Frameworks",
					"@loader_path/Frameworks",
				);
				PRODUCT_BUNDLE_IDENTIFIER = com.SusanSalas.NikeCodingChallengeUITests;
				PRODUCT_NAME = "$(TARGET_NAME)";
				SWIFT_VERSION = 5.0;
				TARGETED_DEVICE_FAMILY = "1,2";
				TEST_TARGET_NAME = NikeCodingChallenge;
			};
			name = Debug;
		};
		3672EB5024297BA500905E57 /* Release */ = {
			isa = XCBuildConfiguration;
			buildSettings = {
				ALWAYS_EMBED_SWIFT_STANDARD_LIBRARIES = YES;
				CODE_SIGN_STYLE = Automatic;
				DEVELOPMENT_TEAM = VJM86CJSEK;
				INFOPLIST_FILE = NikeCodingChallengeUITests/Info.plist;
				LD_RUNPATH_SEARCH_PATHS = (
					"$(inherited)",
					"@executable_path/Frameworks",
					"@loader_path/Frameworks",
				);
				PRODUCT_BUNDLE_IDENTIFIER = com.SusanSalas.NikeCodingChallengeUITests;
				PRODUCT_NAME = "$(TARGET_NAME)";
				SWIFT_VERSION = 5.0;
				TARGETED_DEVICE_FAMILY = "1,2";
				TEST_TARGET_NAME = NikeCodingChallenge;
			};
			name = Release;
		};
/* End XCBuildConfiguration section */

/* Begin XCConfigurationList section */
		3672EB1924297B9E00905E57 /* Build configuration list for PBXProject "NikeCodingChallenge" */ = {
			isa = XCConfigurationList;
			buildConfigurations = (
				3672EB4624297BA500905E57 /* Debug */,
				3672EB4724297BA500905E57 /* Release */,
			);
			defaultConfigurationIsVisible = 0;
			defaultConfigurationName = Release;
		};
		3672EB4824297BA500905E57 /* Build configuration list for PBXNativeTarget "NikeCodingChallenge" */ = {
			isa = XCConfigurationList;
			buildConfigurations = (
				3672EB4924297BA500905E57 /* Debug */,
				3672EB4A24297BA500905E57 /* Release */,
			);
			defaultConfigurationIsVisible = 0;
			defaultConfigurationName = Release;
		};
		3672EB4B24297BA500905E57 /* Build configuration list for PBXNativeTarget "NikeCodingChallengeTests" */ = {
			isa = XCConfigurationList;
			buildConfigurations = (
				3672EB4C24297BA500905E57 /* Debug */,
				3672EB4D24297BA500905E57 /* Release */,
			);
			defaultConfigurationIsVisible = 0;
			defaultConfigurationName = Release;
		};
		3672EB4E24297BA500905E57 /* Build configuration list for PBXNativeTarget "NikeCodingChallengeUITests" */ = {
			isa = XCConfigurationList;
			buildConfigurations = (
				3672EB4F24297BA500905E57 /* Debug */,
				3672EB5024297BA500905E57 /* Release */,
			);
			defaultConfigurationIsVisible = 0;
			defaultConfigurationName = Release;
		};
/* End XCConfigurationList section */
	};
	rootObject = 3672EB1624297B9E00905E57 /* Project object */;
}
